
Microsoft Visual Studio Solution File, Format Version 12.00
# Visual Studio Version 17
VisualStudioVersion = 17.2.32630.192
MinimumVisualStudioVersion = 10.0.40219.1
Project("{FAE04EC0-301F-11D3-BF4B-00C04F79EFBC}") = "RPG", "RPG\RPG.csproj", "{6E90220D-2BEE-4A00-BE65-3B8677BD0944}"
EndProject
Project("{FAE04EC0-301F-11D3-BF4B-00C04F79EFBC}") = "Engine", "Engine\Engine.csproj", "{E22E8E88-2C00-42FE-8903-71B5E4FD4C42}"
EndProject
Project("{FAE04EC0-301F-11D3-BF4B-00C04F79EFBC}") = "TestEngine", "TestEngine\TestEngine.csproj", "{AFC02F47-E477-4297-BEDD-9DBC933BE9FC}"
EndProject
Project("{FAE04EC0-301F-11D3-BF4B-00C04F79EFBC}") = "Models", "Models\Models.csproj", "{B52A34AF-68E9-4A5B-B299-00AA757D3434}"
EndProject
Project("{FAE04EC0-301F-11D3-BF4B-00C04F79EFBC}") = "ViewModels", "ViewModels\ViewModels.csproj", "{6D373545-B544-4CE6-A161-16B0E1FAFF00}"
EndProject
Project("{FAE04EC0-301F-11D3-BF4B-00C04F79EFBC}") = "Services", "Services\Services.csproj", "{FB27D73D-0C2B-4C81-A539-A0ADF1F2CFAD}"
EndProject
Project("{FAE04EC0-301F-11D3-BF4B-00C04F79EFBC}") = "Core", "Core\Core.csproj", "{416AC262-505B-4BB6-A9E0-5D3900BB339E}"
EndProject
Global
	GlobalSection(SolutionConfigurationPlatforms) = preSolution
		Debug|Any CPU = Debug|Any CPU
		Release|Any CPU = Release|Any CPU
	EndGlobalSection
	GlobalSection(ProjectConfigurationPlatforms) = postSolution
		{6E90220D-2BEE-4A00-BE65-3B8677BD0944}.Debug|Any CPU.ActiveCfg = Debug|Any CPU
		{6E90220D-2BEE-4A00-BE65-3B8677BD0944}.Debug|Any CPU.Build.0 = Debug|Any CPU
		{6E90220D-2BEE-4A00-BE65-3B8677BD0944}.Release|Any CPU.ActiveCfg = Release|Any CPU
		{6E90220D-2BEE-4A00-BE65-3B8677BD0944}.Release|Any CPU.Build.0 = Release|Any CPU
		{E22E8E88-2C00-42FE-8903-71B5E4FD4C42}.Debug|Any CPU.ActiveCfg = Debug|Any CPU
		{E22E8E88-2C00-42FE-8903-71B5E4FD4C42}.Debug|Any CPU.Build.0 = Debug|Any CPU
		{E22E8E88-2C00-42FE-8903-71B5E4FD4C42}.Release|Any CPU.ActiveCfg = Release|Any CPU
		{E22E8E88-2C00-42FE-8903-71B5E4FD4C42}.Release|Any CPU.Build.0 = Release|Any CPU
		{AFC02F47-E477-4297-BEDD-9DBC933BE9FC}.Debug|Any CPU.ActiveCfg = Debug|Any CPU
		{AFC02F47-E477-4297-BEDD-9DBC933BE9FC}.Debug|Any CPU.Build.0 = Debug|Any CPU
		{AFC02F47-E477-4297-BEDD-9DBC933BE9FC}.Release|Any CPU.ActiveCfg = Release|Any CPU
		{AFC02F47-E477-4297-BEDD-9DBC933BE9FC}.Release|Any CPU.Build.0 = Release|Any CPU
		{B52A34AF-68E9-4A5B-B299-00AA757D3434}.Debug|Any CPU.ActiveCfg = Debug|Any CPU
		{B52A34AF-68E9-4A5B-B299-00AA757D3434}.Debug|Any CPU.Build.0 = Debug|Any CPU
		{B52A34AF-68E9-4A5B-B299-00AA757D3434}.Release|Any CPU.ActiveCfg = Release|Any CPU
		{B52A34AF-68E9-4A5B-B299-00AA757D3434}.Release|Any CPU.Build.0 = Release|Any CPU
		{6D373545-B544-4CE6-A161-16B0E1FAFF00}.Debug|Any CPU.ActiveCfg = Debug|Any CPU
		{6D373545-B544-4CE6-A161-16B0E1FAFF00}.Debug|Any CPU.Build.0 = Debug|Any CPU
		{6D373545-B544-4CE6-A161-16B0E1FAFF00}.Release|Any CPU.ActiveCfg = Release|Any CPU
		{6D373545-B544-4CE6-A161-16B0E1FAFF00}.Release|Any CPU.Build.0 = Release|Any CPU
		{FB27D73D-0C2B-4C81-A539-A0ADF1F2CFAD}.Debug|Any CPU.ActiveCfg = Debug|Any CPU
		{FB27D73D-0C2B-4C81-A539-A0ADF1F2CFAD}.Debug|Any CPU.Build.0 = Debug|Any CPU
		{FB27D73D-0C2B-4C81-A539-A0ADF1F2CFAD}.Release|Any CPU.ActiveCfg = Release|Any CPU
		{FB27D73D-0C2B-4C81-A539-A0ADF1F2CFAD}.Release|Any CPU.Build.0 = Release|Any CPU
		{416AC262-505B-4BB6-A9E0-5D3900BB339E}.Debug|Any CPU.ActiveCfg = Debug|Any CPU
		{416AC262-505B-4BB6-A9E0-5D3900BB339E}.Debug|Any CPU.Build.0 = Debug|Any CPU
		{416AC262-505B-4BB6-A9E0-5D3900BB339E}.Release|Any CPU.ActiveCfg = Release|Any CPU
		{416AC262-505B-4BB6-A9E0-5D3900BB339E}.Release|Any CPU.Build.0 = Release|Any CPU
	EndGlobalSection
	GlobalSection(SolutionProperties) = preSolution
		HideSolutionNode = FALSE
	EndGlobalSection
	GlobalSection(ExtensibilityGlobals) = postSolution
		SolutionGuid = {1F129693-C938-49AB-A333-55A4C41A597C}
	EndGlobalSection
EndGlobal
